
Microsoft Visual Studio Solution File, Format Version 12.00
# Visual Studio 2012
Project("{FAE04EC0-301F-11D3-BF4B-00C04F79EFBC}") = "Kunto.Web", "Kunto.Web\Kunto.Web.csproj", "{436F3802-70A9-43DF-86C2-B274C12B936B}"
EndProject
Global
	GlobalSection(SolutionConfigurationPlatforms) = preSolution
		Debug|Any CPU = Debug|Any CPU
		Release|Any CPU = Release|Any CPU
	EndGlobalSection
	GlobalSection(ProjectConfigurationPlatforms) = postSolution
		{436F3802-70A9-43DF-86C2-B274C12B936B}.Debug|Any CPU.ActiveCfg = Debug|Any CPU
		{436F3802-70A9-43DF-86C2-B274C12B936B}.Debug|Any CPU.Build.0 = Debug|Any CPU
		{436F3802-70A9-43DF-86C2-B274C12B936B}.Release|Any CPU.ActiveCfg = Release|Any CPU
		{436F3802-70A9-43DF-86C2-B274C12B936B}.Release|Any CPU.Build.0 = Release|Any CPU
	EndGlobalSection
	GlobalSection(SolutionProperties) = preSolution
		HideSolutionNode = FALSE
	EndGlobalSection
EndGlobal
